# THIS IS AN AUTOGENERATED FILE. DO NOT EDIT THIS FILE DIRECTLY.
# yarn lockfile v1


"@types/lodash@^4.14.170":
  version "4.14.171"
  resolved "https://registry.yarnpkg.com/@types/lodash/-/lodash-4.14.171.tgz#f01b3a5fe3499e34b622c362a46a609fdb23573b"
  integrity sha512-7eQ2xYLLI/LsicL2nejW9Wyko3lcpN6O/z0ZLHrEQsg280zIdCv1t/0m6UtBjUHokCGBQ3gYTbHzDkZ1xOBwwg==

"@types/node@^15.6.1":
  version "15.14.1"
  resolved "https://registry.yarnpkg.com/@types/node/-/node-15.14.1.tgz#4f9d3689532499fdda1c898e19f4593718655e36"
  integrity sha512-wF6hazbsnwaW3GhK4jFuw5NaLDQVRQ6pWQUGAUrJzxixFkTaODSiAKMPXuHwPEPkAKQWHAzj6uJ5h+3zU9gQxg==

"@vercel/ncc@^0.28.6":
  version "0.28.6"
  resolved "https://registry.yarnpkg.com/@vercel/ncc/-/ncc-0.28.6.tgz#073c0ce8e0269210c0a9f180fb0bf949eecc20e0"
  integrity sha512-t4BoSSuyK8BZaUE0gV18V6bkFs4st7baumtFGa50dv1tMu2GDBEBF8sUZaKBdKiL6DzJ2D2+XVCwYWWDcQOYdQ==

axios@^0.21.0:
  version "0.21.1"
  resolved "https://registry.yarnpkg.com/axios/-/axios-0.21.1.tgz#22563481962f4d6bde9a76d516ef0e5d3c09b2b8"
  integrity sha512-dKQiRHxGD9PPRIUNIWvZhPTPpl1rf/OxTYKsqKUDjBwYylTvV7SjSHJb9ratfyzM6wCdLCOYLzs73qpg5c4iGA==
  dependencies:
    follow-redirects "^1.10.0"

"evntboard-communicate@https://github.com/EvntBoard/communicate.git":
  version "1.0.0"
  resolved "https://github.com/EvntBoard/communicate.git#eefe6a5497216e9c331b43e0dd88b046d4938e28"

follow-redirects@^1.10.0:
  version "1.14.1"
  resolved "https://registry.yarnpkg.com/follow-redirects/-/follow-redirects-1.14.1.tgz#d9114ded0a1cfdd334e164e6662ad02bfd91ff43"
  integrity sha512-HWqDgT7ZEkqRzBvc2s64vSZ/hfOceEol3ac/7tKwzuvEyWx3/4UegXh5oBOIotkGsObyk3xznnSRVADBgWSQVg==

google-tts-api@^2.0.2:
  version "2.0.2"
  resolved "https://registry.yarnpkg.com/google-tts-api/-/google-tts-api-2.0.2.tgz#5f02bbde9b41f57569a94a3dd1d2de808a97bb97"
  integrity sha512-MkQYbBJEdom8hJpfEVDfD3tpBtkz0X59C+FNsoRhbnCiFjZRnzyurGQ5OrAr3xkigII56/jmk0JNwZsp450G+Q==
  dependencies:
    axios "^0.21.0"

lodash@^4.17.21:
  version "4.17.21"
  resolved "https://registry.yarnpkg.com/lodash/-/lodash-4.17.21.tgz#679591c564c3bffaae8454cf0b3df370c3d6911c"
  integrity sha512-v2kDEe57lecTulaDIuNTPy3Ry4gLGJ6Z1O3vE1krgXZNrsQ+LFTGHVxVjcXPs17LhbZVGedAJv8XZ1tvj5FvSg==

typescript@^4.2.4:
  version "4.3.5"
  resolved "https://registry.yarnpkg.com/typescript/-/typescript-4.3.5.tgz#4d1c37cc16e893973c45a06886b7113234f119f4"
  integrity sha512-DqQgihaQ9cUrskJo9kIyW/+g0Vxsk8cDtZ52a3NGh0YNTfpUSArXSohyUGnvbPazEPLu398C0UxmKSOrPumUzA==
